{
  "name": "@darkwolf/qiwi.cjs",
  "version": "1.0.0",
  "lockfileVersion": 1,
  "requires": true,
  "dependencies": {
    "@darkwolf/custom-error.cjs": {
      "version": "1.0.1",
      "resolved": "https://registry.npmjs.org/@darkwolf/custom-error.cjs/-/custom-error.cjs-1.0.1.tgz",
      "integrity": "sha512-HKwi0ysb44xgb+ySxjP0MTrkVFdHIWA6RRmaX3R9sfEM1cPwGOs5+hu5rvQaEjg0pNw6swa9xTzKrPmgCXnuRA=="
    },
    "@darkwolf/duration.cjs": {
      "version": "1.0.3",
      "resolved": "https://registry.npmjs.org/@darkwolf/duration.cjs/-/duration.cjs-1.0.3.tgz",
      "integrity": "sha512-u8edzSuvsA7GAzVjDZ3GE/3eHPgD+RxpjAgpnA+00m0MPiNhcie3ADLvJwBlfpZh8BOLG5MWDhMNbGVRvBdwAg==",
      "requires": {
        "@darkwolf/custom-error.cjs": "^1.0.1",
        "@darkwolf/helper.cjs": "^1.0.5",
        "@darkwolf/localizer.cjs": "^1.0.1"
      }
    },
    "@darkwolf/helper.cjs": {
      "version": "1.0.6",
      "resolved": "https://registry.npmjs.org/@darkwolf/helper.cjs/-/helper.cjs-1.0.6.tgz",
      "integrity": "sha512-kB8peb1IcStOXGEQySZbIVgsFIFKRsczOaMy4aHhGpbUhUHjdJcsLbqOk0kVbKMGYsV1OkQ07k9lCWf/rRGn7Q=="
    },
    "@darkwolf/localizer.cjs": {
      "version": "1.0.1",
      "resolved": "https://registry.npmjs.org/@darkwolf/localizer.cjs/-/localizer.cjs-1.0.1.tgz",
      "integrity": "sha512-gBuTDyz8LNpJja/J8Yg/LLsj5qJWo/IoZmDd2kUQgCu5XA+j/c7anqS+AqFqhhuFTswu+82GvkzjAzxq9C71qg==",
      "requires": {
        "@darkwolf/custom-error.cjs": "^1.0.1",
        "@darkwolf/helper.cjs": "^1.0.5"
      }
    },
    "@darkwolf/time.cjs": {
      "version": "1.0.4",
      "resolved": "https://registry.npmjs.org/@darkwolf/time.cjs/-/time.cjs-1.0.4.tgz",
      "integrity": "sha512-GIiQBglFDwn1v50ioprnr9RRqrFElQwcd01bJbtjee/xmBchh+U5xVZKZPnBGXghq4/qYoxUldsDAyPgVXi+pg==",
      "requires": {
        "@darkwolf/custom-error.cjs": "^1.0.1",
        "@darkwolf/duration.cjs": "^1.0.3",
        "@darkwolf/helper.cjs": "^1.0.5"
      }
    },
    "node-fetch": {
      "version": "2.6.1",
      "resolved": "https://registry.npmjs.org/node-fetch/-/node-fetch-2.6.1.tgz",
      "integrity": "sha512-V4aYg89jEoVRxRb2fJdAg8FHvI7cEyYdVAh94HH0UIK8oJxUfkjlDQN9RbMx+bEjP7+ggMiFRprSti032Oipxw=="
    }
  }
}
